# THIS IS AN AUTOGENERATED FILE. DO NOT EDIT THIS FILE DIRECTLY.
# yarn lockfile v1


"@neherlab/nextclade@0.8.0-alpha.0":
  version "0.8.0-alpha.0"
  resolved "https://registry.yarnpkg.com/@neherlab/nextclade/-/nextclade-0.8.0-alpha.0.tgz#ee9b0d8a4246afad9e3bd8c6296f6b7be4247c27"
  integrity sha512-BJGDqEz1aehCpSGuSiDpvj4OivGX57uC47DbLndBeCDRq7lTQKmYlAXyJKPTN7IYazG+GQhFDOv/Vl89uqTG4w==
