# THIS IS AN AUTOGENERATED FILE. DO NOT EDIT THIS FILE DIRECTLY.
# yarn lockfile v1


"@neherlab/nextclade@0.7.1":
  version "0.7.1"
  resolved "https://registry.yarnpkg.com/@neherlab/nextclade/-/nextclade-0.7.1.tgz#1a828770061dbe0985820249a54bf810894247f6"
  integrity sha512-xT7gMEzB+oSTrRcsOQG+mQxbZUWIpz+xzJpromHkKqKLy314w0qKTDxImSOyOOq/P840u7Y76WzC6UBxMpy/rQ==
