# THIS IS AN AUTOGENERATED FILE. DO NOT EDIT THIS FILE DIRECTLY.
# yarn lockfile v1


"@neherlab/nextclade@0.8.0-alpha.5":
  version "0.8.0-alpha.5"
  resolved "https://registry.yarnpkg.com/@neherlab/nextclade/-/nextclade-0.8.0-alpha.5.tgz#6076a5a0ffa3c44b4a2444511259cee292dee809"
  integrity sha512-RtvFGwVqNKe7zKrzhNJkEWT8tZYqVapaqDt9R6vIUpMVXzjhvJOaVVlj2zq+xaJ8HPQ+c4tJLKa6q3SihQ6iBA==
